Microsoft Visual Studio Solution File, Format Version 12.00
# Visual Studio Version 17
VisualStudioVersion = 17.5.2.0
MinimumVisualStudioVersion = 10.0.40219.1
Project("{FAE04EC0-301F-11D3-BF4B-00C04F79EFBC}") = "CodeReview.API", "CodeReview.API\CodeReview.API.csproj", "{A19C1CA8-8FF2-F62F-3227-0AC81A962094}"
EndProject
Global
	GlobalSection(SolutionConfigurationPlatforms) = preSolution
		Debug|Any CPU = Debug|Any CPU
		Release|Any CPU = Release|Any CPU
	EndGlobalSection
	GlobalSection(ProjectConfigurationPlatforms) = postSolution
		{A19C1CA8-8FF2-F62F-3227-0AC81A962094}.Debug|Any CPU.ActiveCfg = Debug|Any CPU
		{A19C1CA8-8FF2-F62F-3227-0AC81A962094}.Debug|Any CPU.Build.0 = Debug|Any CPU
		{A19C1CA8-8FF2-F62F-3227-0AC81A962094}.Release|Any CPU.ActiveCfg = Release|Any CPU
		{A19C1CA8-8FF2-F62F-3227-0AC81A962094}.Release|Any CPU.Build.0 = Release|Any CPU
	EndGlobalSection
	GlobalSection(SolutionProperties) = preSolution
		HideSolutionNode = FALSE
	EndGlobalSection
	GlobalSection(ExtensibilityGlobals) = postSolution
		SolutionGuid = {79566CEE-BB99-4FEE-A359-592E3C802242}
	EndGlobalSection
EndGlobal
